// !$*UTF8*$!
{
	archiveVersion = 1;
	classes = {
	};
	objectVersion = 46;
	objects = {

/* Begin PBXBuildFile section */
		55CADAD705F767FF2C794497 /* libPods.a in Frameworks */ = {isa = PBXBuildFile; fileRef = 67271C243F2A3DDE50873EC3 /* libPods.a */; };
		57086D721BF08CD1006530C1 /* WJYDataManager.m in Sources */ = {isa = PBXBuildFile; fileRef = 57086D711BF08CD1006530C1 /* WJYDataManager.m */; settings = {ASSET_TAGS = (); }; };
		57086D771BF09059006530C1 /* WJYHomeViewController.m in Sources */ = {isa = PBXBuildFile; fileRef = 57086D761BF09059006530C1 /* WJYHomeViewController.m */; settings = {ASSET_TAGS = (); }; };
		57086D7B1BF0BDC0006530C1 /* HotCity.m in Sources */ = {isa = PBXBuildFile; fileRef = 57086D7A1BF0BDC0006530C1 /* HotCity.m */; settings = {ASSET_TAGS = (); }; };
		57497D1D1BF20D250012AD33 /* Hot.m in Sources */ = {isa = PBXBuildFile; fileRef = 57497D1C1BF20D250012AD33 /* Hot.m */; settings = {ASSET_TAGS = (); }; };
		576FB65F1BF1D7C900577BB4 /* HomeCell.m in Sources */ = {isa = PBXBuildFile; fileRef = 576FB65D1BF1D7C900577BB4 /* HomeCell.m */; settings = {ASSET_TAGS = (); }; };
		576FB6601BF1D7C900577BB4 /* HomeCell.xib in Resources */ = {isa = PBXBuildFile; fileRef = 576FB65E1BF1D7C900577BB4 /* HomeCell.xib */; settings = {ASSET_TAGS = (); }; };
		576FB6631BF1F5EB00577BB4 /* City.m in Sources */ = {isa = PBXBuildFile; fileRef = 576FB6621BF1F5EB00577BB4 /* City.m */; settings = {ASSET_TAGS = (); }; };
		57BB41081BF041AA00EB915E /* AppDelegate.m in Sources */ = {isa = PBXBuildFile; fileRef = 57BB40FB1BF041AA00EB915E /* AppDelegate.m */; settings = {ASSET_TAGS = (); }; };
		57DEF4F31BF040A200E0134A /* main.m in Sources */ = {isa = PBXBuildFile; fileRef = 57DEF4F21BF040A200E0134A /* main.m */; };
		57DEF4FC1BF040A200E0134A /* Main.storyboard in Resources */ = {isa = PBXBuildFile; fileRef = 57DEF4FA1BF040A200E0134A /* Main.storyboard */; };
		57DEF4FF1BF040A200E0134A /* zhuimengzhiguang.xcdatamodeld in Sources */ = {isa = PBXBuildFile; fileRef = 57DEF4FD1BF040A200E0134A /* zhuimengzhiguang.xcdatamodeld */; };
		57DEF5011BF040A200E0134A /* Assets.xcassets in Resources */ = {isa = PBXBuildFile; fileRef = 57DEF5001BF040A200E0134A /* Assets.xcassets */; };
		57DEF5041BF040A200E0134A /* LaunchScreen.storyboard in Resources */ = {isa = PBXBuildFile; fileRef = 57DEF5021BF040A200E0134A /* LaunchScreen.storyboard */; };
		C27713C81BF1CD4F00953289 /* FZQFindViewController.m in Sources */ = {isa = PBXBuildFile; fileRef = C27713AF1BF1CD4F00953289 /* FZQFindViewController.m */; settings = {ASSET_TAGS = (); }; };
		C27713C91BF1CD4F00953289 /* FZQRecommandTableViewCell.m in Sources */ = {isa = PBXBuildFile; fileRef = C27713B21BF1CD4F00953289 /* FZQRecommandTableViewCell.m */; settings = {ASSET_TAGS = (); }; };
		C27713CA1BF1CD4F00953289 /* FZQRecommandTableViewCell.xib in Resources */ = {isa = PBXBuildFile; fileRef = C27713B31BF1CD4F00953289 /* FZQRecommandTableViewCell.xib */; settings = {ASSET_TAGS = (); }; };
		C27713CB1BF1CD4F00953289 /* FZQRecommandTableViewController.m in Sources */ = {isa = PBXBuildFile; fileRef = C27713B51BF1CD4F00953289 /* FZQRecommandTableViewController.m */; settings = {ASSET_TAGS = (); }; };
		C27713CC1BF1CD4F00953289 /* Mileage.m in Sources */ = {isa = PBXBuildFile; fileRef = C27713B71BF1CD4F00953289 /* Mileage.m */; settings = {ASSET_TAGS = (); }; };
		C27713CD1BF1CD4F00953289 /* RecommandDataManager.m in Sources */ = {isa = PBXBuildFile; fileRef = C27713BA1BF1CD4F00953289 /* RecommandDataManager.m */; settings = {ASSET_TAGS = (); }; };
		C27713CE1BF1CD4F00953289 /* SCNavTabBar.bundle in Resources */ = {isa = PBXBuildFile; fileRef = C27713BD1BF1CD4F00953289 /* SCNavTabBar.bundle */; settings = {ASSET_TAGS = (); }; };
		C27713CF1BF1CD4F00953289 /* SCNavTabBarController.m in Sources */ = {isa = PBXBuildFile; fileRef = C27713C01BF1CD4F00953289 /* SCNavTabBarController.m */; settings = {ASSET_TAGS = (); }; };
		C27713D01BF1CD4F00953289 /* SCNavTabBar.m in Sources */ = {isa = PBXBuildFile; fileRef = C27713C31BF1CD4F00953289 /* SCNavTabBar.m */; settings = {ASSET_TAGS = (); }; };
		C27713D11BF1CD4F00953289 /* SCPopView.m in Sources */ = {isa = PBXBuildFile; fileRef = C27713C51BF1CD4F00953289 /* SCPopView.m */; settings = {ASSET_TAGS = (); }; };
		C27713D21BF1CD4F00953289 /* User.m in Sources */ = {isa = PBXBuildFile; fileRef = C27713C71BF1CD4F00953289 /* User.m */; settings = {ASSET_TAGS = (); }; };
		C2EB191E1BF1C83A005D29C9 /* DestinationViewController.m in Sources */ = {isa = PBXBuildFile; fileRef = C2EB190A1BF1C83A005D29C9 /* DestinationViewController.m */; settings = {ASSET_TAGS = (); }; };
		C2EB191F1BF1C83A005D29C9 /* DestinationContinentsModel.m in Sources */ = {isa = PBXBuildFile; fileRef = C2EB190F1BF1C83A005D29C9 /* DestinationContinentsModel.m */; settings = {ASSET_TAGS = (); }; };
		C2EB19201BF1C83A005D29C9 /* DestinationCountryModel.m in Sources */ = {isa = PBXBuildFile; fileRef = C2EB19111BF1C83A005D29C9 /* DestinationCountryModel.m */; settings = {ASSET_TAGS = (); }; };
		C2EB19211BF1C83A005D29C9 /* RequestHandle.m in Sources */ = {isa = PBXBuildFile; fileRef = C2EB19151BF1C83A005D29C9 /* RequestHandle.m */; settings = {ASSET_TAGS = (); }; };
		C2EB19221BF1C83A005D29C9 /* SJPublicObject.m in Sources */ = {isa = PBXBuildFile; fileRef = C2EB191B1BF1C83A005D29C9 /* SJPublicObject.m */; settings = {ASSET_TAGS = (); }; };
		C2EB19231BF1C83A005D29C9 /* SJPublicViewController.m in Sources */ = {isa = PBXBuildFile; fileRef = C2EB191D1BF1C83A005D29C9 /* SJPublicViewController.m */; settings = {ASSET_TAGS = (); }; };
/* End PBXBuildFile section */

/* Begin PBXFileReference section */
		57086D701BF08CD1006530C1 /* WJYDataManager.h */ = {isa = PBXFileReference; fileEncoding = 4; lastKnownFileType = sourcecode.c.h; path = WJYDataManager.h; sourceTree = "<group>"; };
		57086D711BF08CD1006530C1 /* WJYDataManager.m */ = {isa = PBXFileReference; fileEncoding = 4; lastKnownFileType = sourcecode.c.objc; path = WJYDataManager.m; sourceTree = "<group>"; };
		57086D751BF09059006530C1 /* WJYHomeViewController.h */ = {isa = PBXFileReference; fileEncoding = 4; lastKnownFileType = sourcecode.c.h; name = WJYHomeViewController.h; path = AppDelegate/WJYHomeViewController.h; sourceTree = "<group>"; };
		57086D761BF09059006530C1 /* WJYHomeViewController.m */ = {isa = PBXFileReference; fileEncoding = 4; lastKnownFileType = sourcecode.c.objc; name = WJYHomeViewController.m; path = AppDelegate/WJYHomeViewController.m; sourceTree = "<group>"; };
		57086D791BF0BDC0006530C1 /* HotCity.h */ = {isa = PBXFileReference; fileEncoding = 4; lastKnownFileType = sourcecode.c.h; path = HotCity.h; sourceTree = "<group>"; };
		57086D7A1BF0BDC0006530C1 /* HotCity.m */ = {isa = PBXFileReference; fileEncoding = 4; lastKnownFileType = sourcecode.c.objc; path = HotCity.m; sourceTree = "<group>"; };
		57497D1B1BF20D250012AD33 /* Hot.h */ = {isa = PBXFileReference; fileEncoding = 4; lastKnownFileType = sourcecode.c.h; path = Hot.h; sourceTree = "<group>"; };
		57497D1C1BF20D250012AD33 /* Hot.m */ = {isa = PBXFileReference; fileEncoding = 4; lastKnownFileType = sourcecode.c.objc; path = Hot.m; sourceTree = "<group>"; };
		576FB65C1BF1D7C900577BB4 /* HomeCell.h */ = {isa = PBXFileReference; fileEncoding = 4; lastKnownFileType = sourcecode.c.h; path = HomeCell.h; sourceTree = "<group>"; };
		576FB65D1BF1D7C900577BB4 /* HomeCell.m */ = {isa = PBXFileReference; fileEncoding = 4; lastKnownFileType = sourcecode.c.objc; path = HomeCell.m; sourceTree = "<group>"; };
		576FB65E1BF1D7C900577BB4 /* HomeCell.xib */ = {isa = PBXFileReference; fileEncoding = 4; lastKnownFileType = file.xib; path = HomeCell.xib; sourceTree = "<group>"; };
		576FB6611BF1F5EB00577BB4 /* City.h */ = {isa = PBXFileReference; fileEncoding = 4; lastKnownFileType = sourcecode.c.h; path = City.h; sourceTree = "<group>"; };
		576FB6621BF1F5EB00577BB4 /* City.m */ = {isa = PBXFileReference; fileEncoding = 4; lastKnownFileType = sourcecode.c.objc; path = City.m; sourceTree = "<group>"; };
		57BB40FA1BF041AA00EB915E /* AppDelegate.h */ = {isa = PBXFileReference; fileEncoding = 4; lastKnownFileType = sourcecode.c.h; path = AppDelegate.h; sourceTree = "<group>"; };
		57BB40FB1BF041AA00EB915E /* AppDelegate.m */ = {isa = PBXFileReference; fileEncoding = 4; lastKnownFileType = sourcecode.c.objc; path = AppDelegate.m; sourceTree = "<group>"; };
		57DEF4EE1BF040A200E0134A /* zhuimengzhiguang.app */ = {isa = PBXFileReference; explicitFileType = wrapper.application; includeInIndex = 0; path = zhuimengzhiguang.app; sourceTree = BUILT_PRODUCTS_DIR; };
		57DEF4F21BF040A200E0134A /* main.m */ = {isa = PBXFileReference; lastKnownFileType = sourcecode.c.objc; path = main.m; sourceTree = "<group>"; };
		57DEF4FB1BF040A200E0134A /* Base */ = {isa = PBXFileReference; lastKnownFileType = file.storyboard; name = Base; path = Base.lproj/Main.storyboard; sourceTree = "<group>"; };
		57DEF4FE1BF040A200E0134A /* zhuimengzhiguang.xcdatamodel */ = {isa = PBXFileReference; lastKnownFileType = wrapper.xcdatamodel; path = zhuimengzhiguang.xcdatamodel; sourceTree = "<group>"; };
		57DEF5001BF040A200E0134A /* Assets.xcassets */ = {isa = PBXFileReference; lastKnownFileType = folder.assetcatalog; path = Assets.xcassets; sourceTree = "<group>"; };
		57DEF5031BF040A200E0134A /* Base */ = {isa = PBXFileReference; lastKnownFileType = file.storyboard; name = Base; path = Base.lproj/LaunchScreen.storyboard; sourceTree = "<group>"; };
		57DEF5051BF040A200E0134A /* Info.plist */ = {isa = PBXFileReference; lastKnownFileType = text.plist.xml; path = Info.plist; sourceTree = "<group>"; };
		67271C243F2A3DDE50873EC3 /* libPods.a */ = {isa = PBXFileReference; explicitFileType = archive.ar; includeInIndex = 0; path = libPods.a; sourceTree = BUILT_PRODUCTS_DIR; };
		7CE2060FD7B92530083339EA /* Pods.debug.xcconfig */ = {isa = PBXFileReference; includeInIndex = 1; lastKnownFileType = text.xcconfig; name = Pods.debug.xcconfig; path = "Pods/Target Support Files/Pods/Pods.debug.xcconfig"; sourceTree = "<group>"; };
		8A5483E820C11A481B12ADA9 /* Pods.release.xcconfig */ = {isa = PBXFileReference; includeInIndex = 1; lastKnownFileType = text.xcconfig; name = Pods.release.xcconfig; path = "Pods/Target Support Files/Pods/Pods.release.xcconfig"; sourceTree = "<group>"; };
		C27713AE1BF1CD4F00953289 /* FZQFindViewController.h */ = {isa = PBXFileReference; fileEncoding = 4; lastKnownFileType = sourcecode.c.h; path = FZQFindViewController.h; sourceTree = "<group>"; };
		C27713AF1BF1CD4F00953289 /* FZQFindViewController.m */ = {isa = PBXFileReference; fileEncoding = 4; lastKnownFileType = sourcecode.c.objc; path = FZQFindViewController.m; sourceTree = "<group>"; };
		C27713B01BF1CD4F00953289 /* FZQHeader.h */ = {isa = PBXFileReference; fileEncoding = 4; lastKnownFileType = sourcecode.c.h; path = FZQHeader.h; sourceTree = "<group>"; };
		C27713B11BF1CD4F00953289 /* FZQRecommandTableViewCell.h */ = {isa = PBXFileReference; fileEncoding = 4; lastKnownFileType = sourcecode.c.h; path = FZQRecommandTableViewCell.h; sourceTree = "<group>"; };
		C27713B21BF1CD4F00953289 /* FZQRecommandTableViewCell.m */ = {isa = PBXFileReference; fileEncoding = 4; lastKnownFileType = sourcecode.c.objc; path = FZQRecommandTableViewCell.m; sourceTree = "<group>"; };
		C27713B31BF1CD4F00953289 /* FZQRecommandTableViewCell.xib */ = {isa = PBXFileReference; fileEncoding = 4; lastKnownFileType = file.xib; path = FZQRecommandTableViewCell.xib; sourceTree = "<group>"; };
		C27713B41BF1CD4F00953289 /* FZQRecommandTableViewController.h */ = {isa = PBXFileReference; fileEncoding = 4; lastKnownFileType = sourcecode.c.h; path = FZQRecommandTableViewController.h; sourceTree = "<group>"; };
		C27713B51BF1CD4F00953289 /* FZQRecommandTableViewController.m */ = {isa = PBXFileReference; fileEncoding = 4; lastKnownFileType = sourcecode.c.objc; path = FZQRecommandTableViewController.m; sourceTree = "<group>"; };
		C27713B61BF1CD4F00953289 /* Mileage.h */ = {isa = PBXFileReference; fileEncoding = 4; lastKnownFileType = sourcecode.c.h; path = Mileage.h; sourceTree = "<group>"; };
		C27713B71BF1CD4F00953289 /* Mileage.m */ = {isa = PBXFileReference; fileEncoding = 4; lastKnownFileType = sourcecode.c.objc; path = Mileage.m; sourceTree = "<group>"; };
		C27713B81BF1CD4F00953289 /* PrefixHeader.pch */ = {isa = PBXFileReference; fileEncoding = 4; lastKnownFileType = sourcecode.c.h; path = PrefixHeader.pch; sourceTree = "<group>"; };
		C27713B91BF1CD4F00953289 /* RecommandDataManager.h */ = {isa = PBXFileReference; fileEncoding = 4; lastKnownFileType = sourcecode.c.h; path = RecommandDataManager.h; sourceTree = "<group>"; };
		C27713BA1BF1CD4F00953289 /* RecommandDataManager.m */ = {isa = PBXFileReference; fileEncoding = 4; lastKnownFileType = sourcecode.c.objc; path = RecommandDataManager.m; sourceTree = "<group>"; };
		C27713BC1BF1CD4F00953289 /* CommonMacro.h */ = {isa = PBXFileReference; fileEncoding = 4; lastKnownFileType = sourcecode.c.h; path = CommonMacro.h; sourceTree = "<group>"; };
		C27713BD1BF1CD4F00953289 /* SCNavTabBar.bundle */ = {isa = PBXFileReference; lastKnownFileType = "wrapper.plug-in"; path = SCNavTabBar.bundle; sourceTree = "<group>"; };
		C27713BF1BF1CD4F00953289 /* SCNavTabBarController.h */ = {isa = PBXFileReference; fileEncoding = 4; lastKnownFileType = sourcecode.c.h; path = SCNavTabBarController.h; sourceTree = "<group>"; };
		C27713C01BF1CD4F00953289 /* SCNavTabBarController.m */ = {isa = PBXFileReference; fileEncoding = 4; lastKnownFileType = sourcecode.c.objc; path = SCNavTabBarController.m; sourceTree = "<group>"; };
		C27713C21BF1CD4F00953289 /* SCNavTabBar.h */ = {isa = PBXFileReference; fileEncoding = 4; lastKnownFileType = sourcecode.c.h; path = SCNavTabBar.h; sourceTree = "<group>"; };
		C27713C31BF1CD4F00953289 /* SCNavTabBar.m */ = {isa = PBXFileReference; fileEncoding = 4; lastKnownFileType = sourcecode.c.objc; path = SCNavTabBar.m; sourceTree = "<group>"; };
		C27713C41BF1CD4F00953289 /* SCPopView.h */ = {isa = PBXFileReference; fileEncoding = 4; lastKnownFileType = sourcecode.c.h; path = SCPopView.h; sourceTree = "<group>"; };
		C27713C51BF1CD4F00953289 /* SCPopView.m */ = {isa = PBXFileReference; fileEncoding = 4; lastKnownFileType = sourcecode.c.objc; path = SCPopView.m; sourceTree = "<group>"; };
		C27713C61BF1CD4F00953289 /* User.h */ = {isa = PBXFileReference; fileEncoding = 4; lastKnownFileType = sourcecode.c.h; path = User.h; sourceTree = "<group>"; };
		C27713C71BF1CD4F00953289 /* User.m */ = {isa = PBXFileReference; fileEncoding = 4; lastKnownFileType = sourcecode.c.objc; path = User.m; sourceTree = "<group>"; };
		C2EB19091BF1C83A005D29C9 /* DestinationViewController.h */ = {isa = PBXFileReference; fileEncoding = 4; lastKnownFileType = sourcecode.c.h; path = DestinationViewController.h; sourceTree = "<group>"; };
		C2EB190A1BF1C83A005D29C9 /* DestinationViewController.m */ = {isa = PBXFileReference; fileEncoding = 4; lastKnownFileType = sourcecode.c.objc; path = DestinationViewController.m; sourceTree = "<group>"; };
		C2EB190E1BF1C83A005D29C9 /* DestinationContinentsModel.h */ = {isa = PBXFileReference; fileEncoding = 4; lastKnownFileType = sourcecode.c.h; path = DestinationContinentsModel.h; sourceTree = "<group>"; };
		C2EB190F1BF1C83A005D29C9 /* DestinationContinentsModel.m */ = {isa = PBXFileReference; fileEncoding = 4; lastKnownFileType = sourcecode.c.objc; path = DestinationContinentsModel.m; sourceTree = "<group>"; };
		C2EB19101BF1C83A005D29C9 /* DestinationCountryModel.h */ = {isa = PBXFileReference; fileEncoding = 4; lastKnownFileType = sourcecode.c.h; path = DestinationCountryModel.h; sourceTree = "<group>"; };
		C2EB19111BF1C83A005D29C9 /* DestinationCountryModel.m */ = {isa = PBXFileReference; fileEncoding = 4; lastKnownFileType = sourcecode.c.objc; path = DestinationCountryModel.m; sourceTree = "<group>"; };
		C2EB19141BF1C83A005D29C9 /* RequestHandle.h */ = {isa = PBXFileReference; fileEncoding = 4; lastKnownFileType = sourcecode.c.h; path = RequestHandle.h; sourceTree = "<group>"; };
		C2EB19151BF1C83A005D29C9 /* RequestHandle.m */ = {isa = PBXFileReference; fileEncoding = 4; lastKnownFileType = sourcecode.c.objc; path = RequestHandle.m; sourceTree = "<group>"; };
		C2EB19171BF1C83A005D29C9 /* PrefixHeader.pch */ = {isa = PBXFileReference; fileEncoding = 4; lastKnownFileType = sourcecode.c.h; path = PrefixHeader.pch; sourceTree = "<group>"; };
		C2EB19181BF1C83A005D29C9 /* URL.h */ = {isa = PBXFileReference; fileEncoding = 4; lastKnownFileType = sourcecode.c.h; path = URL.h; sourceTree = "<group>"; };
		C2EB191A1BF1C83A005D29C9 /* SJPublicObject.h */ = {isa = PBXFileReference; fileEncoding = 4; lastKnownFileType = sourcecode.c.h; path = SJPublicObject.h; sourceTree = "<group>"; };
		C2EB191B1BF1C83A005D29C9 /* SJPublicObject.m */ = {isa = PBXFileReference; fileEncoding = 4; lastKnownFileType = sourcecode.c.objc; path = SJPublicObject.m; sourceTree = "<group>"; };
		C2EB191C1BF1C83A005D29C9 /* SJPublicViewController.h */ = {isa = PBXFileReference; fileEncoding = 4; lastKnownFileType = sourcecode.c.h; path = SJPublicViewController.h; sourceTree = "<group>"; };
		C2EB191D1BF1C83A005D29C9 /* SJPublicViewController.m */ = {isa = PBXFileReference; fileEncoding = 4; lastKnownFileType = sourcecode.c.objc; path = SJPublicViewController.m; sourceTree = "<group>"; };
/* End PBXFileReference section */

/* Begin PBXFrameworksBuildPhase section */
		57DEF4EB1BF040A200E0134A /* Frameworks */ = {
			isa = PBXFrameworksBuildPhase;
			buildActionMask = 2147483647;
			files = (
				55CADAD705F767FF2C794497 /* libPods.a in Frameworks */,
			);
			runOnlyForDeploymentPostprocessing = 0;
		};
/* End PBXFrameworksBuildPhase section */

/* Begin PBXGroup section */
		1C8CD58D6916F5C53E483216 /* Pods */ = {
			isa = PBXGroup;
			children = (
				7CE2060FD7B92530083339EA /* Pods.debug.xcconfig */,
				8A5483E820C11A481B12ADA9 /* Pods.release.xcconfig */,
			);
			name = Pods;
			sourceTree = "<group>";
		};
		22569A52B8D154C4136CE93E /* Frameworks */ = {
			isa = PBXGroup;
			children = (
				67271C243F2A3DDE50873EC3 /* libPods.a */,
			);
			name = Frameworks;
			sourceTree = "<group>";
		};
		57086D6F1BF08C91006530C1 /* Helpers */ = {
			isa = PBXGroup;
			children = (
				57086D701BF08CD1006530C1 /* WJYDataManager.h */,
				57086D711BF08CD1006530C1 /* WJYDataManager.m */,
			);
			name = Helpers;
			sourceTree = "<group>";
		};
		57086D731BF08FDA006530C1 /* Scenes */ = {
			isa = PBXGroup;
			children = (
				57086D741BF08FF5006530C1 /* ViewController */,
			);
			name = Scenes;
			sourceTree = "<group>";
		};
		57086D741BF08FF5006530C1 /* ViewController */ = {
			isa = PBXGroup;
			children = (
				57086D751BF09059006530C1 /* WJYHomeViewController.h */,
				57086D761BF09059006530C1 /* WJYHomeViewController.m */,
			);
			name = ViewController;
			sourceTree = "<group>";
		};
		57086D781BF09513006530C1 /* Models */ = {
			isa = PBXGroup;
			children = (
				57086D791BF0BDC0006530C1 /* HotCity.h */,
				57086D7A1BF0BDC0006530C1 /* HotCity.m */,
				576FB6611BF1F5EB00577BB4 /* City.h */,
				576FB6621BF1F5EB00577BB4 /* City.m */,
				57497D1B1BF20D250012AD33 /* Hot.h */,
				57497D1C1BF20D250012AD33 /* Hot.m */,
			);
			name = Models;
			sourceTree = "<group>";
		};
		576FB65A1BF1D79200577BB4 /* General */ = {
			isa = PBXGroup;
			children = (
				576FB65B1BF1D79D00577BB4 /* Views */,
			);
			name = General;
			sourceTree = "<group>";
		};
		576FB65B1BF1D79D00577BB4 /* Views */ = {
			isa = PBXGroup;
			children = (
				576FB65C1BF1D7C900577BB4 /* HomeCell.h */,
				576FB65D1BF1D7C900577BB4 /* HomeCell.m */,
				576FB65E1BF1D7C900577BB4 /* HomeCell.xib */,
			);
			name = Views;
			sourceTree = "<group>";
		};
		57BB40F81BF041AA00EB915E /* Classes */ = {
			isa = PBXGroup;
			children = (
				576FB65A1BF1D79200577BB4 /* General */,
				C27713AD1BF1CD4F00953289 /* FZQRecommand */,
				C2EB19071BF1C83A005D29C9 /* SJPublicWork */,
				57BB40F91BF041AA00EB915E /* AppDelegate */,
				57086D6F1BF08C91006530C1 /* Helpers */,
				57086D781BF09513006530C1 /* Models */,
				57086D731BF08FDA006530C1 /* Scenes */,
			);
			path = Classes;
			sourceTree = "<group>";
		};
		57BB40F91BF041AA00EB915E /* AppDelegate */ = {
			isa = PBXGroup;
			children = (
				57BB40FA1BF041AA00EB915E /* AppDelegate.h */,
				57BB40FB1BF041AA00EB915E /* AppDelegate.m */,
			);
			path = AppDelegate;
			sourceTree = "<group>";
		};
		57DEF4E51BF040A200E0134A = {
			isa = PBXGroup;
			children = (
				57DEF4F01BF040A200E0134A /* zhuimengzhiguang */,
				57DEF4EF1BF040A200E0134A /* Products */,
				1C8CD58D6916F5C53E483216 /* Pods */,
				22569A52B8D154C4136CE93E /* Frameworks */,
			);
			sourceTree = "<group>";
		};
		57DEF4EF1BF040A200E0134A /* Products */ = {
			isa = PBXGroup;
			children = (
				57DEF4EE1BF040A200E0134A /* zhuimengzhiguang.app */,
			);
			name = Products;
			sourceTree = "<group>";
		};
		57DEF4F01BF040A200E0134A /* zhuimengzhiguang */ = {
			isa = PBXGroup;
			children = (
				57BB40F81BF041AA00EB915E /* Classes */,
				57DEF4FA1BF040A200E0134A /* Main.storyboard */,
				57DEF5001BF040A200E0134A /* Assets.xcassets */,
				57DEF5021BF040A200E0134A /* LaunchScreen.storyboard */,
				57DEF5051BF040A200E0134A /* Info.plist */,
				57DEF4FD1BF040A200E0134A /* zhuimengzhiguang.xcdatamodeld */,
				57DEF4F11BF040A200E0134A /* Supporting Files */,
			);
			path = zhuimengzhiguang;
			sourceTree = "<group>";
		};
		57DEF4F11BF040A200E0134A /* Supporting Files */ = {
			isa = PBXGroup;
			children = (
				57DEF4F21BF040A200E0134A /* main.m */,
			);
			name = "Supporting Files";
			sourceTree = "<group>";
		};
		C27713AD1BF1CD4F00953289 /* FZQRecommand */ = {
			isa = PBXGroup;
			children = (
				C27713AE1BF1CD4F00953289 /* FZQFindViewController.h */,
				C27713AF1BF1CD4F00953289 /* FZQFindViewController.m */,
				C27713B01BF1CD4F00953289 /* FZQHeader.h */,
				C27713B11BF1CD4F00953289 /* FZQRecommandTableViewCell.h */,
				C27713B21BF1CD4F00953289 /* FZQRecommandTableViewCell.m */,
				C27713B31BF1CD4F00953289 /* FZQRecommandTableViewCell.xib */,
				C27713B41BF1CD4F00953289 /* FZQRecommandTableViewController.h */,
				C27713B51BF1CD4F00953289 /* FZQRecommandTableViewController.m */,
				C27713B61BF1CD4F00953289 /* Mileage.h */,
				C27713B71BF1CD4F00953289 /* Mileage.m */,
				C27713B81BF1CD4F00953289 /* PrefixHeader.pch */,
				C27713B91BF1CD4F00953289 /* RecommandDataManager.h */,
				C27713BA1BF1CD4F00953289 /* RecommandDataManager.m */,
				C27713BB1BF1CD4F00953289 /* SCNavTabBarController */,
				C27713C61BF1CD4F00953289 /* User.h */,
				C27713C71BF1CD4F00953289 /* User.m */,
			);
			path = FZQRecommand;
			sourceTree = "<group>";
		};
		C27713BB1BF1CD4F00953289 /* SCNavTabBarController */ = {
			isa = PBXGroup;
			children = (
				C27713BC1BF1CD4F00953289 /* CommonMacro.h */,
				C27713BD1BF1CD4F00953289 /* SCNavTabBar.bundle */,
				C27713BE1BF1CD4F00953289 /* ViewControllers */,
				C27713C11BF1CD4F00953289 /* Views */,
			);
			path = SCNavTabBarController;
			sourceTree = "<group>";
		};
		C27713BE1BF1CD4F00953289 /* ViewControllers */ = {
			isa = PBXGroup;
			children = (
				C27713BF1BF1CD4F00953289 /* SCNavTabBarController.h */,
				C27713C01BF1CD4F00953289 /* SCNavTabBarController.m */,
			);
			path = ViewControllers;
			sourceTree = "<group>";
		};
		C27713C11BF1CD4F00953289 /* Views */ = {
			isa = PBXGroup;
			children = (
				C27713C21BF1CD4F00953289 /* SCNavTabBar.h */,
				C27713C31BF1CD4F00953289 /* SCNavTabBar.m */,
				C27713C41BF1CD4F00953289 /* SCPopView.h */,
				C27713C51BF1CD4F00953289 /* SCPopView.m */,
			);
			path = Views;
			sourceTree = "<group>";
		};
		C2EB19071BF1C83A005D29C9 /* SJPublicWork */ = {
			isa = PBXGroup;
			children = (
				C2EB19081BF1C83A005D29C9 /* Controller */,
				C2EB190C1BF1C83A005D29C9 /* Help */,
				C2EB190D1BF1C83A005D29C9 /* models */,
				C2EB19131BF1C83A005D29C9 /* RequestHandle */,
				C2EB19161BF1C83A005D29C9 /* RequestUrl */,
				C2EB19191BF1C83A005D29C9 /* SJPublic */,
			);
			path = SJPublicWork;
			sourceTree = "<group>";
		};
		C2EB19081BF1C83A005D29C9 /* Controller */ = {
			isa = PBXGroup;
			children = (
				C2EB19091BF1C83A005D29C9 /* DestinationViewController.h */,
				C2EB190A1BF1C83A005D29C9 /* DestinationViewController.m */,
				C2EB190B1BF1C83A005D29C9 /* 目的地列表 */,
			);
			path = Controller;
			sourceTree = "<group>";
		};
		C2EB190B1BF1C83A005D29C9 /* 目的地列表 */ = {
			isa = PBXGroup;
			children = (
			);
			path = "目的地列表";
			sourceTree = "<group>";
		};
		C2EB190C1BF1C83A005D29C9 /* Help */ = {
			isa = PBXGroup;
			children = (
			);
			path = Help;
			sourceTree = "<group>";
		};
		C2EB190D1BF1C83A005D29C9 /* models */ = {
			isa = PBXGroup;
			children = (
				C2EB190E1BF1C83A005D29C9 /* DestinationContinentsModel.h */,
				C2EB190F1BF1C83A005D29C9 /* DestinationContinentsModel.m */,
				C2EB19101BF1C83A005D29C9 /* DestinationCountryModel.h */,
				C2EB19111BF1C83A005D29C9 /* DestinationCountryModel.m */,
				C2EB19121BF1C83A005D29C9 /* 目的地列表 */,
			);
			path = models;
			sourceTree = "<group>";
		};
		C2EB19121BF1C83A005D29C9 /* 目的地列表 */ = {
			isa = PBXGroup;
			children = (
			);
			path = "目的地列表";
			sourceTree = "<group>";
		};
		C2EB19131BF1C83A005D29C9 /* RequestHandle */ = {
			isa = PBXGroup;
			children = (
				C2EB19141BF1C83A005D29C9 /* RequestHandle.h */,
				C2EB19151BF1C83A005D29C9 /* RequestHandle.m */,
			);
			path = RequestHandle;
			sourceTree = "<group>";
		};
		C2EB19161BF1C83A005D29C9 /* RequestUrl */ = {
			isa = PBXGroup;
			children = (
				C2EB19171BF1C83A005D29C9 /* PrefixHeader.pch */,
				C2EB19181BF1C83A005D29C9 /* URL.h */,
			);
			path = RequestUrl;
			sourceTree = "<group>";
		};
		C2EB19191BF1C83A005D29C9 /* SJPublic */ = {
			isa = PBXGroup;
			children = (
				C2EB191A1BF1C83A005D29C9 /* SJPublicObject.h */,
				C2EB191B1BF1C83A005D29C9 /* SJPublicObject.m */,
				C2EB191C1BF1C83A005D29C9 /* SJPublicViewController.h */,
				C2EB191D1BF1C83A005D29C9 /* SJPublicViewController.m */,
			);
			path = SJPublic;
			sourceTree = "<group>";
		};
/* End PBXGroup section */

/* Begin PBXNativeTarget section */
		57DEF4ED1BF040A200E0134A /* zhuimengzhiguang */ = {
			isa = PBXNativeTarget;
			buildConfigurationList = 57DEF5081BF040A200E0134A /* Build configuration list for PBXNativeTarget "zhuimengzhiguang" */;
			buildPhases = (
				FC802109590B339655D1E82F /* Check Pods Manifest.lock */,
				57DEF4EA1BF040A200E0134A /* Sources */,
				57DEF4EB1BF040A200E0134A /* Frameworks */,
				57DEF4EC1BF040A200E0134A /* Resources */,
				1021DD27208E2C4E599B0DE4 /* Embed Pods Frameworks */,
				C09E53B74761F5BDBE10655F /* Copy Pods Resources */,
			);
			buildRules = (
			);
			dependencies = (
			);
			name = zhuimengzhiguang;
			productName = zhuimengzhiguang;
			productReference = 57DEF4EE1BF040A200E0134A /* zhuimengzhiguang.app */;
			productType = "com.apple.product-type.application";
		};
/* End PBXNativeTarget section */

/* Begin PBXProject section */
		57DEF4E61BF040A200E0134A /* Project object */ = {
			isa = PBXProject;
			attributes = {
				LastUpgradeCheck = 0700;
				ORGANIZATIONNAME = "王建业";
				TargetAttributes = {
					57DEF4ED1BF040A200E0134A = {
						CreatedOnToolsVersion = 7.0.1;
					};
				};
			};
			buildConfigurationList = 57DEF4E91BF040A200E0134A /* Build configuration list for PBXProject "zhuimengzhiguang" */;
			compatibilityVersion = "Xcode 3.2";
			developmentRegion = English;
			hasScannedForEncodings = 0;
			knownRegions = (
				en,
				Base,
			);
			mainGroup = 57DEF4E51BF040A200E0134A;
			productRefGroup = 57DEF4EF1BF040A200E0134A /* Products */;
			projectDirPath = "";
			projectRoot = "";
			targets = (
				57DEF4ED1BF040A200E0134A /* zhuimengzhiguang */,
			);
		};
/* End PBXProject section */

/* Begin PBXResourcesBuildPhase section */
		57DEF4EC1BF040A200E0134A /* Resources */ = {
			isa = PBXResourcesBuildPhase;
			buildActionMask = 2147483647;
			files = (
				C27713CA1BF1CD4F00953289 /* FZQRecommandTableViewCell.xib in Resources */,
				57DEF5041BF040A200E0134A /* LaunchScreen.storyboard in Resources */,
				C27713CE1BF1CD4F00953289 /* SCNavTabBar.bundle in Resources */,
				57DEF5011BF040A200E0134A /* Assets.xcassets in Resources */,
				576FB6601BF1D7C900577BB4 /* HomeCell.xib in Resources */,
				57DEF4FC1BF040A200E0134A /* Main.storyboard in Resources */,
			);
			runOnlyForDeploymentPostprocessing = 0;
		};
/* End PBXResourcesBuildPhase section */

/* Begin PBXShellScriptBuildPhase section */
		1021DD27208E2C4E599B0DE4 /* Embed Pods Frameworks */ = {
			isa = PBXShellScriptBuildPhase;
			buildActionMask = 2147483647;
			files = (
			);
			inputPaths = (
			);
			name = "Embed Pods Frameworks";
			outputPaths = (
			);
			runOnlyForDeploymentPostprocessing = 0;
			shellPath = /bin/sh;
			shellScript = "\"${SRCROOT}/Pods/Target Support Files/Pods/Pods-frameworks.sh\"\n";
			showEnvVarsInLog = 0;
		};
		C09E53B74761F5BDBE10655F /* Copy Pods Resources */ = {
			isa = PBXShellScriptBuildPhase;
			buildActionMask = 2147483647;
			files = (
			);
			inputPaths = (
			);
			name = "Copy Pods Resources";
			outputPaths = (
			);
			runOnlyForDeploymentPostprocessing = 0;
			shellPath = /bin/sh;
			shellScript = "\"${SRCROOT}/Pods/Target Support Files/Pods/Pods-resources.sh\"\n";
			showEnvVarsInLog = 0;
		};
		FC802109590B339655D1E82F /* Check Pods Manifest.lock */ = {
			isa = PBXShellScriptBuildPhase;
			buildActionMask = 2147483647;
			files = (
			);
			inputPaths = (
			);
			name = "Check Pods Manifest.lock";
			outputPaths = (
			);
			runOnlyForDeploymentPostprocessing = 0;
			shellPath = /bin/sh;
			shellScript = "diff \"${PODS_ROOT}/../Podfile.lock\" \"${PODS_ROOT}/Manifest.lock\" > /dev/null\nif [[ $? != 0 ]] ; then\n    cat << EOM\nerror: The sandbox is not in sync with the Podfile.lock. Run 'pod install' or update your CocoaPods installation.\nEOM\n    exit 1\nfi\n";
			showEnvVarsInLog = 0;
		};
/* End PBXShellScriptBuildPhase section */

/* Begin PBXSourcesBuildPhase section */
		57DEF4EA1BF040A200E0134A /* Sources */ = {
			isa = PBXSourcesBuildPhase;
			buildActionMask = 2147483647;
			files = (
				C27713CD1BF1CD4F00953289 /* RecommandDataManager.m in Sources */,
				C27713C91BF1CD4F00953289 /* FZQRecommandTableViewCell.m in Sources */,
				576FB65F1BF1D7C900577BB4 /* HomeCell.m in Sources */,
				57497D1D1BF20D250012AD33 /* Hot.m in Sources */,
				C27713D11BF1CD4F00953289 /* SCPopView.m in Sources */,
				C27713D01BF1CD4F00953289 /* SCNavTabBar.m in Sources */,
				57DEF4FF1BF040A200E0134A /* zhuimengzhiguang.xcdatamodeld in Sources */,
				57DEF4F31BF040A200E0134A /* main.m in Sources */,
				57086D7B1BF0BDC0006530C1 /* HotCity.m in Sources */,
				C27713CF1BF1CD4F00953289 /* SCNavTabBarController.m in Sources */,
				C27713D21BF1CD4F00953289 /* User.m in Sources */,
				C2EB19211BF1C83A005D29C9 /* RequestHandle.m in Sources */,
				C2EB19201BF1C83A005D29C9 /* DestinationCountryModel.m in Sources */,
				C27713C81BF1CD4F00953289 /* FZQFindViewController.m in Sources */,
				57086D721BF08CD1006530C1 /* WJYDataManager.m in Sources */,
				C27713CC1BF1CD4F00953289 /* Mileage.m in Sources */,
				57086D771BF09059006530C1 /* WJYHomeViewController.m in Sources */,
				C2EB19221BF1C83A005D29C9 /* SJPublicObject.m in Sources */,
				57BB41081BF041AA00EB915E /* AppDelegate.m in Sources */,
				C2EB191E1BF1C83A005D29C9 /* DestinationViewController.m in Sources */,
				C2EB19231BF1C83A005D29C9 /* SJPublicViewController.m in Sources */,
				576FB6631BF1F5EB00577BB4 /* City.m in Sources */,
				C27713CB1BF1CD4F00953289 /* FZQRecommandTableViewController.m in Sources */,
				C2EB191F1BF1C83A005D29C9 /* DestinationContinentsModel.m in Sources */,
			);
			runOnlyForDeploymentPostprocessing = 0;
		};
/* End PBXSourcesBuildPhase section */

/* Begin PBXVariantGroup section */
		57DEF4FA1BF040A200E0134A /* Main.storyboard */ = {
			isa = PBXVariantGroup;
			children = (
				57DEF4FB1BF040A200E0134A /* Base */,
			);
			name = Main.storyboard;
			sourceTree = "<group>";
		};
		57DEF5021BF040A200E0134A /* LaunchScreen.storyboard */ = {
			isa = PBXVariantGroup;
			children = (
				57DEF5031BF040A200E0134A /* Base */,
			);
			name = LaunchScreen.storyboard;
			sourceTree = "<group>";
		};
/* End PBXVariantGroup section */

/* Begin XCBuildConfiguration section */
		57DEF5061BF040A200E0134A /* Debug */ = {
			isa = XCBuildConfiguration;
			buildSettings = {
				ALWAYS_SEARCH_USER_PATHS = NO;
				CLANG_CXX_LANGUAGE_STANDARD = "gnu++0x";
				CLANG_CXX_LIBRARY = "libc++";
				CLANG_ENABLE_MODULES = YES;
				CLANG_ENABLE_OBJC_ARC = YES;
				CLANG_WARN_BOOL_CONVERSION = YES;
				CLANG_WARN_CONSTANT_CONVERSION = YES;
				CLANG_WARN_DIRECT_OBJC_ISA_USAGE = YES_ERROR;
				CLANG_WARN_EMPTY_BODY = YES;
				CLANG_WARN_ENUM_CONVERSION = YES;
				CLANG_WARN_INT_CONVERSION = YES;
				CLANG_WARN_OBJC_ROOT_CLASS = YES_ERROR;
				CLANG_WARN_UNREACHABLE_CODE = YES;
				CLANG_WARN__DUPLICATE_METHOD_MATCH = YES;
				"CODE_SIGN_IDENTITY[sdk=iphoneos*]" = "iPhone Developer";
				COPY_PHASE_STRIP = NO;
				DEBUG_INFORMATION_FORMAT = dwarf;
				ENABLE_STRICT_OBJC_MSGSEND = YES;
				ENABLE_TESTABILITY = YES;
				GCC_C_LANGUAGE_STANDARD = gnu99;
				GCC_DYNAMIC_NO_PIC = NO;
				GCC_NO_COMMON_BLOCKS = YES;
				GCC_OPTIMIZATION_LEVEL = 0;
				GCC_PREPROCESSOR_DEFINITIONS = (
					"DEBUG=1",
					"$(inherited)",
				);
				GCC_WARN_64_TO_32_BIT_CONVERSION = YES;
				GCC_WARN_ABOUT_RETURN_TYPE = YES_ERROR;
				GCC_WARN_UNDECLARED_SELECTOR = YES;
				GCC_WARN_UNINITIALIZED_AUTOS = YES_AGGRESSIVE;
				GCC_WARN_UNUSED_FUNCTION = YES;
				GCC_WARN_UNUSED_VARIABLE = YES;
				IPHONEOS_DEPLOYMENT_TARGET = 9.0;
				MTL_ENABLE_DEBUG_INFO = YES;
				ONLY_ACTIVE_ARCH = YES;
				SDKROOT = iphoneos;
				TARGETED_DEVICE_FAMILY = "1,2";
			};
			name = Debug;
		};
		57DEF5071BF040A200E0134A /* Release */ = {
			isa = XCBuildConfiguration;
			buildSettings = {
				ALWAYS_SEARCH_USER_PATHS = NO;
				CLANG_CXX_LANGUAGE_STANDARD = "gnu++0x";
				CLANG_CXX_LIBRARY = "libc++";
				CLANG_ENABLE_MODULES = YES;
				CLANG_ENABLE_OBJC_ARC = YES;
				CLANG_WARN_BOOL_CONVERSION = YES;
				CLANG_WARN_CONSTANT_CONVERSION = YES;
				CLANG_WARN_DIRECT_OBJC_ISA_USAGE = YES_ERROR;
				CLANG_WARN_EMPTY_BODY = YES;
				CLANG_WARN_ENUM_CONVERSION = YES;
				CLANG_WARN_INT_CONVERSION = YES;
				CLANG_WARN_OBJC_ROOT_CLASS = YES_ERROR;
				CLANG_WARN_UNREACHABLE_CODE = YES;
				CLANG_WARN__DUPLICATE_METHOD_MATCH = YES;
				"CODE_SIGN_IDENTITY[sdk=iphoneos*]" = "iPhone Developer";
				COPY_PHASE_STRIP = NO;
				DEBUG_INFORMATION_FORMAT = "dwarf-with-dsym";
				ENABLE_NS_ASSERTIONS = NO;
				ENABLE_STRICT_OBJC_MSGSEND = YES;
				GCC_C_LANGUAGE_STANDARD = gnu99;
				GCC_NO_COMMON_BLOCKS = YES;
				GCC_WARN_64_TO_32_BIT_CONVERSION = YES;
				GCC_WARN_ABOUT_RETURN_TYPE = YES_ERROR;
				GCC_WARN_UNDECLARED_SELECTOR = YES;
				GCC_WARN_UNINITIALIZED_AUTOS = YES_AGGRESSIVE;
				GCC_WARN_UNUSED_FUNCTION = YES;
				GCC_WARN_UNUSED_VARIABLE = YES;
				IPHONEOS_DEPLOYMENT_TARGET = 9.0;
				MTL_ENABLE_DEBUG_INFO = NO;
				SDKROOT = iphoneos;
				TARGETED_DEVICE_FAMILY = "1,2";
				VALIDATE_PRODUCT = YES;
			};
			name = Release;
		};
		57DEF5091BF040A200E0134A /* Debug */ = {
			isa = XCBuildConfiguration;
			baseConfigurationReference = 7CE2060FD7B92530083339EA /* Pods.debug.xcconfig */;
			buildSettings = {
				ASSETCATALOG_COMPILER_APPICON_NAME = AppIcon;
				GCC_PREFIX_HEADER = zhuimengzhiguang/Classes/FZQRecommand/PrefixHeader.pch;
				INFOPLIST_FILE = zhuimengzhiguang/Info.plist;
				LD_RUNPATH_SEARCH_PATHS = "$(inherited) @executable_path/Frameworks";
				PRODUCT_BUNDLE_IDENTIFIER = com.wjy.zhuimengzhiguang;
				PRODUCT_NAME = "$(TARGET_NAME)";
			};
			name = Debug;
		};
		57DEF50A1BF040A200E0134A /* Release */ = {
			isa = XCBuildConfiguration;
			baseConfigurationReference = 8A5483E820C11A481B12ADA9 /* Pods.release.xcconfig */;
			buildSettings = {
				ASSETCATALOG_COMPILER_APPICON_NAME = AppIcon;
				GCC_PREFIX_HEADER = zhuimengzhiguang/Classes/FZQRecommand/PrefixHeader.pch;
				INFOPLIST_FILE = zhuimengzhiguang/Info.plist;
				LD_RUNPATH_SEARCH_PATHS = "$(inherited) @executable_path/Frameworks";
				PRODUCT_BUNDLE_IDENTIFIER = com.wjy.zhuimengzhiguang;
				PRODUCT_NAME = "$(TARGET_NAME)";
			};
			name = Release;
		};
/* End XCBuildConfiguration section */

/* Begin XCConfigurationList section */
		57DEF4E91BF040A200E0134A /* Build configuration list for PBXProject "zhuimengzhiguang" */ = {
			isa = XCConfigurationList;
			buildConfigurations = (
				57DEF5061BF040A200E0134A /* Debug */,
				57DEF5071BF040A200E0134A /* Release */,
			);
			defaultConfigurationIsVisible = 0;
			defaultConfigurationName = Release;
		};
		57DEF5081BF040A200E0134A /* Build configuration list for PBXNativeTarget "zhuimengzhiguang" */ = {
			isa = XCConfigurationList;
			buildConfigurations = (
				57DEF5091BF040A200E0134A /* Debug */,
				57DEF50A1BF040A200E0134A /* Release */,
			);
			defaultConfigurationIsVisible = 0;
			defaultConfigurationName = Release;
		};
/* End XCConfigurationList section */

/* Begin XCVersionGroup section */
		57DEF4FD1BF040A200E0134A /* zhuimengzhiguang.xcdatamodeld */ = {
			isa = XCVersionGroup;
			children = (
				57DEF4FE1BF040A200E0134A /* zhuimengzhiguang.xcdatamodel */,
			);
			currentVersion = 57DEF4FE1BF040A200E0134A /* zhuimengzhiguang.xcdatamodel */;
			path = zhuimengzhiguang.xcdatamodeld;
			sourceTree = "<group>";
			versionGroupType = wrapper.xcdatamodel;
		};
/* End XCVersionGroup section */
	};
	rootObject = 57DEF4E61BF040A200E0134A /* Project object */;
}
